
Microsoft Visual Studio Solution File, Format Version 12.00
# Visual Studio Version 16
VisualStudioVersion = 16.0.30011.22
MinimumVisualStudioVersion = 10.0.40219.1
Project("{FAE04EC0-301F-11D3-BF4B-00C04F79EFBC}") = "test_Category_for_products", "test_Category_for_products\test_Category_for_products.csproj", "{699583CC-7BD8-4CA8-91E8-3A24A50DBEAE}"
EndProject
Global
	GlobalSection(SolutionConfigurationPlatforms) = preSolution
		Debug|Any CPU = Debug|Any CPU
		Release|Any CPU = Release|Any CPU
	EndGlobalSection
	GlobalSection(ProjectConfigurationPlatforms) = postSolution
		{699583CC-7BD8-4CA8-91E8-3A24A50DBEAE}.Debug|Any CPU.ActiveCfg = Debug|Any CPU
		{699583CC-7BD8-4CA8-91E8-3A24A50DBEAE}.Debug|Any CPU.Build.0 = Debug|Any CPU
		{699583CC-7BD8-4CA8-91E8-3A24A50DBEAE}.Release|Any CPU.ActiveCfg = Release|Any CPU
		{699583CC-7BD8-4CA8-91E8-3A24A50DBEAE}.Release|Any CPU.Build.0 = Release|Any CPU
	EndGlobalSection
	GlobalSection(SolutionProperties) = preSolution
		HideSolutionNode = FALSE
	EndGlobalSection
	GlobalSection(ExtensibilityGlobals) = postSolution
		SolutionGuid = {F7E7A566-F65C-4435-A8AB-66FAF1BB0BE9}
	EndGlobalSection
EndGlobal
